// !$*UTF8*$!
{
	archiveVersion = 1;
	classes = {
	};
	objectVersion = 48;
	objects = {

/* Begin PBXBuildFile section */
		C39BD9C320E3FD9600CB13B5 /* AppDelegate.swift in Sources */ = {isa = PBXBuildFile; fileRef = C39BD9C220E3FD9600CB13B5 /* AppDelegate.swift */; };
		C39BD9C820E3FD9700CB13B5 /* Main.storyboard in Resources */ = {isa = PBXBuildFile; fileRef = C39BD9C620E3FD9700CB13B5 /* Main.storyboard */; };
		C39BD9CA20E3FD9700CB13B5 /* Assets.xcassets in Resources */ = {isa = PBXBuildFile; fileRef = C39BD9C920E3FD9700CB13B5 /* Assets.xcassets */; };
		C39BD9CD20E3FD9700CB13B5 /* LaunchScreen.storyboard in Resources */ = {isa = PBXBuildFile; fileRef = C39BD9CB20E3FD9700CB13B5 /* LaunchScreen.storyboard */; };
		C39BD9D820E3FD9700CB13B5 /* EmojiDictionaryTests.swift in Sources */ = {isa = PBXBuildFile; fileRef = C39BD9D720E3FD9700CB13B5 /* EmojiDictionaryTests.swift */; };
		C39BD9E320E3FD9700CB13B5 /* EmojiDictionaryUITests.swift in Sources */ = {isa = PBXBuildFile; fileRef = C39BD9E220E3FD9700CB13B5 /* EmojiDictionaryUITests.swift */; };
		C39BD9F120E3FDD500CB13B5 /* Emoji.swift in Sources */ = {isa = PBXBuildFile; fileRef = C39BD9F020E3FDD500CB13B5 /* Emoji.swift */; };
		C39BD9F320E3FEF800CB13B5 /* EmojiTableViewController.swift in Sources */ = {isa = PBXBuildFile; fileRef = C39BD9F220E3FEF800CB13B5 /* EmojiTableViewController.swift */; };
/* End PBXBuildFile section */

/* Begin PBXContainerItemProxy section */
		C39BD9D420E3FD9700CB13B5 /* PBXContainerItemProxy */ = {
			isa = PBXContainerItemProxy;
			containerPortal = C39BD9B720E3FD9600CB13B5 /* Project object */;
			proxyType = 1;
			remoteGlobalIDString = C39BD9BE20E3FD9600CB13B5;
			remoteInfo = EmojiDictionary;
		};
		C39BD9DF20E3FD9700CB13B5 /* PBXContainerItemProxy */ = {
			isa = PBXContainerItemProxy;
			containerPortal = C39BD9B720E3FD9600CB13B5 /* Project object */;
			proxyType = 1;
			remoteGlobalIDString = C39BD9BE20E3FD9600CB13B5;
			remoteInfo = EmojiDictionary;
		};
/* End PBXContainerItemProxy section */

/* Begin PBXFileReference section */
		C39BD9BF20E3FD9600CB13B5 /* EmojiDictionary.app */ = {isa = PBXFileReference; explicitFileType = wrapper.application; includeInIndex = 0; path = EmojiDictionary.app; sourceTree = BUILT_PRODUCTS_DIR; };
		C39BD9C220E3FD9600CB13B5 /* AppDelegate.swift */ = {isa = PBXFileReference; lastKnownFileType = sourcecode.swift; path = AppDelegate.swift; sourceTree = "<group>"; };
		C39BD9C720E3FD9700CB13B5 /* Base */ = {isa = PBXFileReference; lastKnownFileType = file.storyboard; name = Base; path = Base.lproj/Main.storyboard; sourceTree = "<group>"; };
		C39BD9C920E3FD9700CB13B5 /* Assets.xcassets */ = {isa = PBXFileReference; lastKnownFileType = folder.assetcatalog; path = Assets.xcassets; sourceTree = "<group>"; };
		C39BD9CC20E3FD9700CB13B5 /* Base */ = {isa = PBXFileReference; lastKnownFileType = file.storyboard; name = Base; path = Base.lproj/LaunchScreen.storyboard; sourceTree = "<group>"; };
		C39BD9CE20E3FD9700CB13B5 /* Info.plist */ = {isa = PBXFileReference; lastKnownFileType = text.plist.xml; path = Info.plist; sourceTree = "<group>"; };
		C39BD9D320E3FD9700CB13B5 /* EmojiDictionaryTests.xctest */ = {isa = PBXFileReference; explicitFileType = wrapper.cfbundle; includeInIndex = 0; path = EmojiDictionaryTests.xctest; sourceTree = BUILT_PRODUCTS_DIR; };
		C39BD9D720E3FD9700CB13B5 /* EmojiDictionaryTests.swift */ = {isa = PBXFileReference; lastKnownFileType = sourcecode.swift; path = EmojiDictionaryTests.swift; sourceTree = "<group>"; };
		C39BD9D920E3FD9700CB13B5 /* Info.plist */ = {isa = PBXFileReference; lastKnownFileType = text.plist.xml; path = Info.plist; sourceTree = "<group>"; };
		C39BD9DE20E3FD9700CB13B5 /* EmojiDictionaryUITests.xctest */ = {isa = PBXFileReference; explicitFileType = wrapper.cfbundle; includeInIndex = 0; path = EmojiDictionaryUITests.xctest; sourceTree = BUILT_PRODUCTS_DIR; };
		C39BD9E220E3FD9700CB13B5 /* EmojiDictionaryUITests.swift */ = {isa = PBXFileReference; lastKnownFileType = sourcecode.swift; path = EmojiDictionaryUITests.swift; sourceTree = "<group>"; };
		C39BD9E420E3FD9700CB13B5 /* Info.plist */ = {isa = PBXFileReference; lastKnownFileType = text.plist.xml; path = Info.plist; sourceTree = "<group>"; };
		C39BD9F020E3FDD500CB13B5 /* Emoji.swift */ = {isa = PBXFileReference; lastKnownFileType = sourcecode.swift; path = Emoji.swift; sourceTree = "<group>"; };
		C39BD9F220E3FEF800CB13B5 /* EmojiTableViewController.swift */ = {isa = PBXFileReference; lastKnownFileType = sourcecode.swift; path = EmojiTableViewController.swift; sourceTree = "<group>"; };
/* End PBXFileReference section */

/* Begin PBXFrameworksBuildPhase section */
		C39BD9BC20E3FD9600CB13B5 /* Frameworks */ = {
			isa = PBXFrameworksBuildPhase;
			buildActionMask = 2147483647;
			files = (
			);
			runOnlyForDeploymentPostprocessing = 0;
		};
		C39BD9D020E3FD9700CB13B5 /* Frameworks */ = {
			isa = PBXFrameworksBuildPhase;
			buildActionMask = 2147483647;
			files = (
			);
			runOnlyForDeploymentPostprocessing = 0;
		};
		C39BD9DB20E3FD9700CB13B5 /* Frameworks */ = {
			isa = PBXFrameworksBuildPhase;
			buildActionMask = 2147483647;
			files = (
			);
			runOnlyForDeploymentPostprocessing = 0;
		};
/* End PBXFrameworksBuildPhase section */

/* Begin PBXGroup section */
		C39BD9B620E3FD9600CB13B5 = {
			isa = PBXGroup;
			children = (
				C39BD9C120E3FD9600CB13B5 /* EmojiDictionary */,
				C39BD9D620E3FD9700CB13B5 /* EmojiDictionaryTests */,
				C39BD9E120E3FD9700CB13B5 /* EmojiDictionaryUITests */,
				C39BD9C020E3FD9600CB13B5 /* Products */,
			);
			sourceTree = "<group>";
		};
		C39BD9C020E3FD9600CB13B5 /* Products */ = {
			isa = PBXGroup;
			children = (
				C39BD9BF20E3FD9600CB13B5 /* EmojiDictionary.app */,
				C39BD9D320E3FD9700CB13B5 /* EmojiDictionaryTests.xctest */,
				C39BD9DE20E3FD9700CB13B5 /* EmojiDictionaryUITests.xctest */,
			);
			name = Products;
			sourceTree = "<group>";
		};
		C39BD9C120E3FD9600CB13B5 /* EmojiDictionary */ = {
			isa = PBXGroup;
			children = (
				C39BD9C220E3FD9600CB13B5 /* AppDelegate.swift */,
				C39BD9C620E3FD9700CB13B5 /* Main.storyboard */,
				C39BD9F220E3FEF800CB13B5 /* EmojiTableViewController.swift */,
				C39BD9F020E3FDD500CB13B5 /* Emoji.swift */,
				C39BD9C920E3FD9700CB13B5 /* Assets.xcassets */,
				C39BD9CB20E3FD9700CB13B5 /* LaunchScreen.storyboard */,
				C39BD9CE20E3FD9700CB13B5 /* Info.plist */,
			);
			path = EmojiDictionary;
			sourceTree = "<group>";
		};
		C39BD9D620E3FD9700CB13B5 /* EmojiDictionaryTests */ = {
			isa = PBXGroup;
			children = (
				C39BD9D720E3FD9700CB13B5 /* EmojiDictionaryTests.swift */,
				C39BD9D920E3FD9700CB13B5 /* Info.plist */,
			);
			path = EmojiDictionaryTests;
			sourceTree = "<group>";
		};
		C39BD9E120E3FD9700CB13B5 /* EmojiDictionaryUITests */ = {
			isa = PBXGroup;
			children = (
				C39BD9E220E3FD9700CB13B5 /* EmojiDictionaryUITests.swift */,
				C39BD9E420E3FD9700CB13B5 /* Info.plist */,
			);
			path = EmojiDictionaryUITests;
			sourceTree = "<group>";
		};
/* End PBXGroup section */

/* Begin PBXNativeTarget section */
		C39BD9BE20E3FD9600CB13B5 /* EmojiDictionary */ = {
			isa = PBXNativeTarget;
			buildConfigurationList = C39BD9E720E3FD9700CB13B5 /* Build configuration list for PBXNativeTarget "EmojiDictionary" */;
			buildPhases = (
				C39BD9BB20E3FD9600CB13B5 /* Sources */,
				C39BD9BC20E3FD9600CB13B5 /* Frameworks */,
				C39BD9BD20E3FD9600CB13B5 /* Resources */,
			);
			buildRules = (
			);
			dependencies = (
			);
			name = EmojiDictionary;
			productName = EmojiDictionary;
			productReference = C39BD9BF20E3FD9600CB13B5 /* EmojiDictionary.app */;
			productType = "com.apple.product-type.application";
		};
		C39BD9D220E3FD9700CB13B5 /* EmojiDictionaryTests */ = {
			isa = PBXNativeTarget;
			buildConfigurationList = C39BD9EA20E3FD9700CB13B5 /* Build configuration list for PBXNativeTarget "EmojiDictionaryTests" */;
			buildPhases = (
				C39BD9CF20E3FD9700CB13B5 /* Sources */,
				C39BD9D020E3FD9700CB13B5 /* Frameworks */,
				C39BD9D120E3FD9700CB13B5 /* Resources */,
			);
			buildRules = (
			);
			dependencies = (
				C39BD9D520E3FD9700CB13B5 /* PBXTargetDependency */,
			);
			name = EmojiDictionaryTests;
			productName = EmojiDictionaryTests;
			productReference = C39BD9D320E3FD9700CB13B5 /* EmojiDictionaryTests.xctest */;
			productType = "com.apple.product-type.bundle.unit-test";
		};
		C39BD9DD20E3FD9700CB13B5 /* EmojiDictionaryUITests */ = {
			isa = PBXNativeTarget;
			buildConfigurationList = C39BD9ED20E3FD9700CB13B5 /* Build configuration list for PBXNativeTarget "EmojiDictionaryUITests" */;
			buildPhases = (
				C39BD9DA20E3FD9700CB13B5 /* Sources */,
				C39BD9DB20E3FD9700CB13B5 /* Frameworks */,
				C39BD9DC20E3FD9700CB13B5 /* Resources */,
			);
			buildRules = (
			);
			dependencies = (
				C39BD9E020E3FD9700CB13B5 /* PBXTargetDependency */,
			);
			name = EmojiDictionaryUITests;
			productName = EmojiDictionaryUITests;
			productReference = C39BD9DE20E3FD9700CB13B5 /* EmojiDictionaryUITests.xctest */;
			productType = "com.apple.product-type.bundle.ui-testing";
		};
/* End PBXNativeTarget section */

/* Begin PBXProject section */
		C39BD9B720E3FD9600CB13B5 /* Project object */ = {
			isa = PBXProject;
			attributes = {
				LastSwiftUpdateCheck = 0920;
				LastUpgradeCheck = 0920;
				ORGANIZATIONNAME = Administrator;
				TargetAttributes = {
					C39BD9BE20E3FD9600CB13B5 = {
						CreatedOnToolsVersion = 9.2;
						ProvisioningStyle = Automatic;
					};
					C39BD9D220E3FD9700CB13B5 = {
						CreatedOnToolsVersion = 9.2;
						ProvisioningStyle = Automatic;
						TestTargetID = C39BD9BE20E3FD9600CB13B5;
					};
					C39BD9DD20E3FD9700CB13B5 = {
						CreatedOnToolsVersion = 9.2;
						ProvisioningStyle = Automatic;
						TestTargetID = C39BD9BE20E3FD9600CB13B5;
					};
				};
			};
			buildConfigurationList = C39BD9BA20E3FD9600CB13B5 /* Build configuration list for PBXProject "EmojiDictionary" */;
			compatibilityVersion = "Xcode 8.0";
			developmentRegion = en;
			hasScannedForEncodings = 0;
			knownRegions = (
				en,
				Base,
			);
			mainGroup = C39BD9B620E3FD9600CB13B5;
			productRefGroup = C39BD9C020E3FD9600CB13B5 /* Products */;
			projectDirPath = "";
			projectRoot = "";
			targets = (
				C39BD9BE20E3FD9600CB13B5 /* EmojiDictionary */,
				C39BD9D220E3FD9700CB13B5 /* EmojiDictionaryTests */,
				C39BD9DD20E3FD9700CB13B5 /* EmojiDictionaryUITests */,
			);
		};
/* End PBXProject section */

/* Begin PBXResourcesBuildPhase section */
		C39BD9BD20E3FD9600CB13B5 /* Resources */ = {
			isa = PBXResourcesBuildPhase;
			buildActionMask = 2147483647;
			files = (
				C39BD9CD20E3FD9700CB13B5 /* LaunchScreen.storyboard in Resources */,
				C39BD9CA20E3FD9700CB13B5 /* Assets.xcassets in Resources */,
				C39BD9C820E3FD9700CB13B5 /* Main.storyboard in Resources */,
			);
			runOnlyForDeploymentPostprocessing = 0;
		};
		C39BD9D120E3FD9700CB13B5 /* Resources */ = {
			isa = PBXResourcesBuildPhase;
			buildActionMask = 2147483647;
			files = (
			);
			runOnlyForDeploymentPostprocessing = 0;
		};
		C39BD9DC20E3FD9700CB13B5 /* Resources */ = {
			isa = PBXResourcesBuildPhase;
			buildActionMask = 2147483647;
			files = (
			);
			runOnlyForDeploymentPostprocessing = 0;
		};
/* End PBXResourcesBuildPhase section */

/* Begin PBXSourcesBuildPhase section */
		C39BD9BB20E3FD9600CB13B5 /* Sources */ = {
			isa = PBXSourcesBuildPhase;
			buildActionMask = 2147483647;
			files = (
				C39BD9F120E3FDD500CB13B5 /* Emoji.swift in Sources */,
				C39BD9F320E3FEF800CB13B5 /* EmojiTableViewController.swift in Sources */,
				C39BD9C320E3FD9600CB13B5 /* AppDelegate.swift in Sources */,
			);
			runOnlyForDeploymentPostprocessing = 0;
		};
		C39BD9CF20E3FD9700CB13B5 /* Sources */ = {
			isa = PBXSourcesBuildPhase;
			buildActionMask = 2147483647;
			files = (
				C39BD9D820E3FD9700CB13B5 /* EmojiDictionaryTests.swift in Sources */,
			);
			runOnlyForDeploymentPostprocessing = 0;
		};
		C39BD9DA20E3FD9700CB13B5 /* Sources */ = {
			isa = PBXSourcesBuildPhase;
			buildActionMask = 2147483647;
			files = (
				C39BD9E320E3FD9700CB13B5 /* EmojiDictionaryUITests.swift in Sources */,
			);
			runOnlyForDeploymentPostprocessing = 0;
		};
/* End PBXSourcesBuildPhase section */

/* Begin PBXTargetDependency section */
		C39BD9D520E3FD9700CB13B5 /* PBXTargetDependency */ = {
			isa = PBXTargetDependency;
			target = C39BD9BE20E3FD9600CB13B5 /* EmojiDictionary */;
			targetProxy = C39BD9D420E3FD9700CB13B5 /* PBXContainerItemProxy */;
		};
		C39BD9E020E3FD9700CB13B5 /* PBXTargetDependency */ = {
			isa = PBXTargetDependency;
			target = C39BD9BE20E3FD9600CB13B5 /* EmojiDictionary */;
			targetProxy = C39BD9DF20E3FD9700CB13B5 /* PBXContainerItemProxy */;
		};
/* End PBXTargetDependency section */

/* Begin PBXVariantGroup section */
		C39BD9C620E3FD9700CB13B5 /* Main.storyboard */ = {
			isa = PBXVariantGroup;
			children = (
				C39BD9C720E3FD9700CB13B5 /* Base */,
			);
			name = Main.storyboard;
			sourceTree = "<group>";
		};
		C39BD9CB20E3FD9700CB13B5 /* LaunchScreen.storyboard */ = {
			isa = PBXVariantGroup;
			children = (
				C39BD9CC20E3FD9700CB13B5 /* Base */,
			);
			name = LaunchScreen.storyboard;
			sourceTree = "<group>";
		};
/* End PBXVariantGroup section */

/* Begin XCBuildConfiguration section */
		C39BD9E520E3FD9700CB13B5 /* Debug */ = {
			isa = XCBuildConfiguration;
			buildSettings = {
				ALWAYS_SEARCH_USER_PATHS = NO;
				CLANG_ANALYZER_NONNULL = YES;
				CLANG_ANALYZER_NUMBER_OBJECT_CONVERSION = YES_AGGRESSIVE;
				CLANG_CXX_LANGUAGE_STANDARD = "gnu++14";
				CLANG_CXX_LIBRARY = "libc++";
				CLANG_ENABLE_MODULES = YES;
				CLANG_ENABLE_OBJC_ARC = YES;
				CLANG_WARN_BLOCK_CAPTURE_AUTORELEASING = YES;
				CLANG_WARN_BOOL_CONVERSION = YES;
				CLANG_WARN_COMMA = YES;
				CLANG_WARN_CONSTANT_CONVERSION = YES;
				CLANG_WARN_DIRECT_OBJC_ISA_USAGE = YES_ERROR;
				CLANG_WARN_DOCUMENTATION_COMMENTS = YES;
				CLANG_WARN_EMPTY_BODY = YES;
				CLANG_WARN_ENUM_CONVERSION = YES;
				CLANG_WARN_INFINITE_RECURSION = YES;
				CLANG_WARN_INT_CONVERSION = YES;
				CLANG_WARN_NON_LITERAL_NULL_CONVERSION = YES;
				CLANG_WARN_OBJC_LITERAL_CONVERSION = YES;
				CLANG_WARN_OBJC_ROOT_CLASS = YES_ERROR;
				CLANG_WARN_RANGE_LOOP_ANALYSIS = YES;
				CLANG_WARN_STRICT_PROTOTYPES = YES;
				CLANG_WARN_SUSPICIOUS_MOVE = YES;
				CLANG_WARN_UNGUARDED_AVAILABILITY = YES_AGGRESSIVE;
				CLANG_WARN_UNREACHABLE_CODE = YES;
				CLANG_WARN__DUPLICATE_METHOD_MATCH = YES;
				CODE_SIGN_IDENTITY = "iPhone Developer";
				COPY_PHASE_STRIP = NO;
				DEBUG_INFORMATION_FORMAT = dwarf;
				ENABLE_STRICT_OBJC_MSGSEND = YES;
				ENABLE_TESTABILITY = YES;
				GCC_C_LANGUAGE_STANDARD = gnu11;
				GCC_DYNAMIC_NO_PIC = NO;
				GCC_NO_COMMON_BLOCKS = YES;
				GCC_OPTIMIZATION_LEVEL = 0;
				GCC_PREPROCESSOR_DEFINITIONS = (
					"DEBUG=1",
					"$(inherited)",
				);
				GCC_WARN_64_TO_32_BIT_CONVERSION = YES;
				GCC_WARN_ABOUT_RETURN_TYPE = YES_ERROR;
				GCC_WARN_UNDECLARED_SELECTOR = YES;
				GCC_WARN_UNINITIALIZED_AUTOS = YES_AGGRESSIVE;
				GCC_WARN_UNUSED_FUNCTION = YES;
				GCC_WARN_UNUSED_VARIABLE = YES;
				IPHONEOS_DEPLOYMENT_TARGET = 11.2;
				MTL_ENABLE_DEBUG_INFO = YES;
				ONLY_ACTIVE_ARCH = YES;
				SDKROOT = iphoneos;
				SWIFT_ACTIVE_COMPILATION_CONDITIONS = DEBUG;
				SWIFT_OPTIMIZATION_LEVEL = "-Onone";
			};
			name = Debug;
		};
		C39BD9E620E3FD9700CB13B5 /* Release */ = {
			isa = XCBuildConfiguration;
			buildSettings = {
				ALWAYS_SEARCH_USER_PATHS = NO;
				CLANG_ANALYZER_NONNULL = YES;
				CLANG_ANALYZER_NUMBER_OBJECT_CONVERSION = YES_AGGRESSIVE;
				CLANG_CXX_LANGUAGE_STANDARD = "gnu++14";
				CLANG_CXX_LIBRARY = "libc++";
				CLANG_ENABLE_MODULES = YES;
				CLANG_ENABLE_OBJC_ARC = YES;
				CLANG_WARN_BLOCK_CAPTURE_AUTORELEASING = YES;
				CLANG_WARN_BOOL_CONVERSION = YES;
				CLANG_WARN_COMMA = YES;
				CLANG_WARN_CONSTANT_CONVERSION = YES;
				CLANG_WARN_DIRECT_OBJC_ISA_USAGE = YES_ERROR;
				CLANG_WARN_DOCUMENTATION_COMMENTS = YES;
				CLANG_WARN_EMPTY_BODY = YES;
				CLANG_WARN_ENUM_CONVERSION = YES;
				CLANG_WARN_INFINITE_RECURSION = YES;
				CLANG_WARN_INT_CONVERSION = YES;
				CLANG_WARN_NON_LITERAL_NULL_CONVERSION = YES;
				CLANG_WARN_OBJC_LITERAL_CONVERSION = YES;
				CLANG_WARN_OBJC_ROOT_CLASS = YES_ERROR;
				CLANG_WARN_RANGE_LOOP_ANALYSIS = YES;
				CLANG_WARN_STRICT_PROTOTYPES = YES;
				CLANG_WARN_SUSPICIOUS_MOVE = YES;
				CLANG_WARN_UNGUARDED_AVAILABILITY = YES_AGGRESSIVE;
				CLANG_WARN_UNREACHABLE_CODE = YES;
				CLANG_WARN__DUPLICATE_METHOD_MATCH = YES;
				CODE_SIGN_IDENTITY = "iPhone Developer";
				COPY_PHASE_STRIP = NO;
				DEBUG_INFORMATION_FORMAT = "dwarf-with-dsym";
				ENABLE_NS_ASSERTIONS = NO;
				ENABLE_STRICT_OBJC_MSGSEND = YES;
				GCC_C_LANGUAGE_STANDARD = gnu11;
				GCC_NO_COMMON_BLOCKS = YES;
				GCC_WARN_64_TO_32_BIT_CONVERSION = YES;
				GCC_WARN_ABOUT_RETURN_TYPE = YES_ERROR;
				GCC_WARN_UNDECLARED_SELECTOR = YES;
				GCC_WARN_UNINITIALIZED_AUTOS = YES_AGGRESSIVE;
				GCC_WARN_UNUSED_FUNCTION = YES;
				GCC_WARN_UNUSED_VARIABLE = YES;
				IPHONEOS_DEPLOYMENT_TARGET = 11.2;
				MTL_ENABLE_DEBUG_INFO = NO;
				SDKROOT = iphoneos;
				SWIFT_OPTIMIZATION_LEVEL = "-Owholemodule";
				VALIDATE_PRODUCT = YES;
			};
			name = Release;
		};
		C39BD9E820E3FD9700CB13B5 /* Debug */ = {
			isa = XCBuildConfiguration;
			buildSettings = {
				ASSETCATALOG_COMPILER_APPICON_NAME = AppIcon;
				CODE_SIGN_STYLE = Automatic;
				DEVELOPMENT_TEAM = R6V3BT885K;
				INFOPLIST_FILE = EmojiDictionary/Info.plist;
				IPHONEOS_DEPLOYMENT_TARGET = 10.3;
				LD_RUNPATH_SEARCH_PATHS = "$(inherited) @executable_path/Frameworks";
				PRODUCT_BUNDLE_IDENTIFIER = com.mlundy.EmojiDictionary;
				PRODUCT_NAME = "$(TARGET_NAME)";
				SWIFT_VERSION = 4.0;
				TARGETED_DEVICE_FAMILY = "1,2";
			};
			name = Debug;
		};
		C39BD9E920E3FD9700CB13B5 /* Release */ = {
			isa = XCBuildConfiguration;
			buildSettings = {
				ASSETCATALOG_COMPILER_APPICON_NAME = AppIcon;
				CODE_SIGN_STYLE = Automatic;
				DEVELOPMENT_TEAM = R6V3BT885K;
				INFOPLIST_FILE = EmojiDictionary/Info.plist;
				IPHONEOS_DEPLOYMENT_TARGET = 10.3;
				LD_RUNPATH_SEARCH_PATHS = "$(inherited) @executable_path/Frameworks";
				PRODUCT_BUNDLE_IDENTIFIER = com.mlundy.EmojiDictionary;
				PRODUCT_NAME = "$(TARGET_NAME)";
				SWIFT_VERSION = 4.0;
				TARGETED_DEVICE_FAMILY = "1,2";
			};
			name = Release;
		};
		C39BD9EB20E3FD9700CB13B5 /* Debug */ = {
			isa = XCBuildConfiguration;
			buildSettings = {
				ALWAYS_EMBED_SWIFT_STANDARD_LIBRARIES = YES;
				BUNDLE_LOADER = "$(TEST_HOST)";
				CODE_SIGN_STYLE = Automatic;
				DEVELOPMENT_TEAM = R6V3BT885K;
				INFOPLIST_FILE = EmojiDictionaryTests/Info.plist;
				LD_RUNPATH_SEARCH_PATHS = "$(inherited) @executable_path/Frameworks @loader_path/Frameworks";
				PRODUCT_BUNDLE_IDENTIFIER = com.mlundy.EmojiDictionaryTests;
				PRODUCT_NAME = "$(TARGET_NAME)";
				SWIFT_VERSION = 4.0;
				TARGETED_DEVICE_FAMILY = "1,2";
				TEST_HOST = "$(BUILT_PRODUCTS_DIR)/EmojiDictionary.app/EmojiDictionary";
			};
			name = Debug;
		};
		C39BD9EC20E3FD9700CB13B5 /* Release */ = {
			isa = XCBuildConfiguration;
			buildSettings = {
				ALWAYS_EMBED_SWIFT_STANDARD_LIBRARIES = YES;
				BUNDLE_LOADER = "$(TEST_HOST)";
				CODE_SIGN_STYLE = Automatic;
				DEVELOPMENT_TEAM = R6V3BT885K;
				INFOPLIST_FILE = EmojiDictionaryTests/Info.plist;
				LD_RUNPATH_SEARCH_PATHS = "$(inherited) @executable_path/Frameworks @loader_path/Frameworks";
				PRODUCT_BUNDLE_IDENTIFIER = com.mlundy.EmojiDictionaryTests;
				PRODUCT_NAME = "$(TARGET_NAME)";
				SWIFT_VERSION = 4.0;
				TARGETED_DEVICE_FAMILY = "1,2";
				TEST_HOST = "$(BUILT_PRODUCTS_DIR)/EmojiDictionary.app/EmojiDictionary";
			};
			name = Release;
		};
		C39BD9EE20E3FD9700CB13B5 /* Debug */ = {
			isa = XCBuildConfiguration;
			buildSettings = {
				ALWAYS_EMBED_SWIFT_STANDARD_LIBRARIES = YES;
				CODE_SIGN_STYLE = Automatic;
				DEVELOPMENT_TEAM = R6V3BT885K;
				INFOPLIST_FILE = EmojiDictionaryUITests/Info.plist;
				LD_RUNPATH_SEARCH_PATHS = "$(inherited) @executable_path/Frameworks @loader_path/Frameworks";
				PRODUCT_BUNDLE_IDENTIFIER = com.mlundy.EmojiDictionaryUITests;
				PRODUCT_NAME = "$(TARGET_NAME)";
				SWIFT_VERSION = 4.0;
				TARGETED_DEVICE_FAMILY = "1,2";
				TEST_TARGET_NAME = EmojiDictionary;
			};
			name = Debug;
		};
		C39BD9EF20E3FD9700CB13B5 /* Release */ = {
			isa = XCBuildConfiguration;
			buildSettings = {
				ALWAYS_EMBED_SWIFT_STANDARD_LIBRARIES = YES;
				CODE_SIGN_STYLE = Automatic;
				DEVELOPMENT_TEAM = R6V3BT885K;
				INFOPLIST_FILE = EmojiDictionaryUITests/Info.plist;
				LD_RUNPATH_SEARCH_PATHS = "$(inherited) @executable_path/Frameworks @loader_path/Frameworks";
				PRODUCT_BUNDLE_IDENTIFIER = com.mlundy.EmojiDictionaryUITests;
				PRODUCT_NAME = "$(TARGET_NAME)";
				SWIFT_VERSION = 4.0;
				TARGETED_DEVICE_FAMILY = "1,2";
				TEST_TARGET_NAME = EmojiDictionary;
			};
			name = Release;
		};
/* End XCBuildConfiguration section */

/* Begin XCConfigurationList section */
		C39BD9BA20E3FD9600CB13B5 /* Build configuration list for PBXProject "EmojiDictionary" */ = {
			isa = XCConfigurationList;
			buildConfigurations = (
				C39BD9E520E3FD9700CB13B5 /* Debug */,
				C39BD9E620E3FD9700CB13B5 /* Release */,
			);
			defaultConfigurationIsVisible = 0;
			defaultConfigurationName = Release;
		};
		C39BD9E720E3FD9700CB13B5 /* Build configuration list for PBXNativeTarget "EmojiDictionary" */ = {
			isa = XCConfigurationList;
			buildConfigurations = (
				C39BD9E820E3FD9700CB13B5 /* Debug */,
				C39BD9E920E3FD9700CB13B5 /* Release */,
			);
			defaultConfigurationIsVisible = 0;
			defaultConfigurationName = Release;
		};
		C39BD9EA20E3FD9700CB13B5 /* Build configuration list for PBXNativeTarget "EmojiDictionaryTests" */ = {
			isa = XCConfigurationList;
			buildConfigurations = (
				C39BD9EB20E3FD9700CB13B5 /* Debug */,
				C39BD9EC20E3FD9700CB13B5 /* Release */,
			);
			defaultConfigurationIsVisible = 0;
			defaultConfigurationName = Release;
		};
		C39BD9ED20E3FD9700CB13B5 /* Build configuration list for PBXNativeTarget "EmojiDictionaryUITests" */ = {
			isa = XCConfigurationList;
			buildConfigurations = (
				C39BD9EE20E3FD9700CB13B5 /* Debug */,
				C39BD9EF20E3FD9700CB13B5 /* Release */,
			);
			defaultConfigurationIsVisible = 0;
			defaultConfigurationName = Release;
		};
/* End XCConfigurationList section */
	};
	rootObject = C39BD9B720E3FD9600CB13B5 /* Project object */;
}
